// !$*UTF8*$!
{
	archiveVersion = 1;
	classes = {
	};
	objectVersion = 50;
	objects = {

/* Begin PBXBuildFile section */
		04E2DD8B24C8808F00AD0BC3 /* AppDelegate.swift in Sources */ = {isa = PBXBuildFile; fileRef = 04E2DD8A24C8808F00AD0BC3 /* AppDelegate.swift */; };
		04E2DD8D24C8808F00AD0BC3 /* SceneDelegate.swift in Sources */ = {isa = PBXBuildFile; fileRef = 04E2DD8C24C8808F00AD0BC3 /* SceneDelegate.swift */; };
		04E2DD8F24C8808F00AD0BC3 /* ViewController.swift in Sources */ = {isa = PBXBuildFile; fileRef = 04E2DD8E24C8808F00AD0BC3 /* ViewController.swift */; };
		04E2DD9224C8808F00AD0BC3 /* Main.storyboard in Resources */ = {isa = PBXBuildFile; fileRef = 04E2DD9024C8808F00AD0BC3 /* Main.storyboard */; };
		04E2DD9424C8809600AD0BC3 /* Assets.xcassets in Resources */ = {isa = PBXBuildFile; fileRef = 04E2DD9324C8809600AD0BC3 /* Assets.xcassets */; };
		04E2DD9724C8809600AD0BC3 /* LaunchScreen.storyboard in Resources */ = {isa = PBXBuildFile; fileRef = 04E2DD9524C8809600AD0BC3 /* LaunchScreen.storyboard */; };
		04E2DDA224C8809600AD0BC3 /* StoryBoardIntroTests.swift in Sources */ = {isa = PBXBuildFile; fileRef = 04E2DDA124C8809600AD0BC3 /* StoryBoardIntroTests.swift */; };
		04E2DDAD24C8809600AD0BC3 /* StoryBoardIntroUITests.swift in Sources */ = {isa = PBXBuildFile; fileRef = 04E2DDAC24C8809600AD0BC3 /* StoryBoardIntroUITests.swift */; };
/* End PBXBuildFile section */

/* Begin PBXContainerItemProxy section */
		04E2DD9E24C8809600AD0BC3 /* PBXContainerItemProxy */ = {
			isa = PBXContainerItemProxy;
			containerPortal = 04E2DD7F24C8808F00AD0BC3 /* Project object */;
			proxyType = 1;
			remoteGlobalIDString = 04E2DD8624C8808F00AD0BC3;
			remoteInfo = StoryBoardIntro;
		};
		04E2DDA924C8809600AD0BC3 /* PBXContainerItemProxy */ = {
			isa = PBXContainerItemProxy;
			containerPortal = 04E2DD7F24C8808F00AD0BC3 /* Project object */;
			proxyType = 1;
			remoteGlobalIDString = 04E2DD8624C8808F00AD0BC3;
			remoteInfo = StoryBoardIntro;
		};
/* End PBXContainerItemProxy section */

/* Begin PBXFileReference section */
		04E2DD8724C8808F00AD0BC3 /* StoryBoardIntro.app */ = {isa = PBXFileReference; explicitFileType = wrapper.application; includeInIndex = 0; path = StoryBoardIntro.app; sourceTree = BUILT_PRODUCTS_DIR; };
		04E2DD8A24C8808F00AD0BC3 /* AppDelegate.swift */ = {isa = PBXFileReference; lastKnownFileType = sourcecode.swift; path = AppDelegate.swift; sourceTree = "<group>"; };
		04E2DD8C24C8808F00AD0BC3 /* SceneDelegate.swift */ = {isa = PBXFileReference; lastKnownFileType = sourcecode.swift; path = SceneDelegate.swift; sourceTree = "<group>"; };
		04E2DD8E24C8808F00AD0BC3 /* ViewController.swift */ = {isa = PBXFileReference; lastKnownFileType = sourcecode.swift; path = ViewController.swift; sourceTree = "<group>"; };
		04E2DD9124C8808F00AD0BC3 /* Base */ = {isa = PBXFileReference; lastKnownFileType = file.storyboard; name = Base; path = Base.lproj/Main.storyboard; sourceTree = "<group>"; };
		04E2DD9324C8809600AD0BC3 /* Assets.xcassets */ = {isa = PBXFileReference; lastKnownFileType = folder.assetcatalog; path = Assets.xcassets; sourceTree = "<group>"; };
		04E2DD9624C8809600AD0BC3 /* Base */ = {isa = PBXFileReference; lastKnownFileType = file.storyboard; name = Base; path = Base.lproj/LaunchScreen.storyboard; sourceTree = "<group>"; };
		04E2DD9824C8809600AD0BC3 /* Info.plist */ = {isa = PBXFileReference; lastKnownFileType = text.plist.xml; path = Info.plist; sourceTree = "<group>"; };
		04E2DD9D24C8809600AD0BC3 /* StoryBoardIntroTests.xctest */ = {isa = PBXFileReference; explicitFileType = wrapper.cfbundle; includeInIndex = 0; path = StoryBoardIntroTests.xctest; sourceTree = BUILT_PRODUCTS_DIR; };
		04E2DDA124C8809600AD0BC3 /* StoryBoardIntroTests.swift */ = {isa = PBXFileReference; lastKnownFileType = sourcecode.swift; path = StoryBoardIntroTests.swift; sourceTree = "<group>"; };
		04E2DDA324C8809600AD0BC3 /* Info.plist */ = {isa = PBXFileReference; lastKnownFileType = text.plist.xml; path = Info.plist; sourceTree = "<group>"; };
		04E2DDA824C8809600AD0BC3 /* StoryBoardIntroUITests.xctest */ = {isa = PBXFileReference; explicitFileType = wrapper.cfbundle; includeInIndex = 0; path = StoryBoardIntroUITests.xctest; sourceTree = BUILT_PRODUCTS_DIR; };
		04E2DDAC24C8809600AD0BC3 /* StoryBoardIntroUITests.swift */ = {isa = PBXFileReference; lastKnownFileType = sourcecode.swift; path = StoryBoardIntroUITests.swift; sourceTree = "<group>"; };
		04E2DDAE24C8809600AD0BC3 /* Info.plist */ = {isa = PBXFileReference; lastKnownFileType = text.plist.xml; path = Info.plist; sourceTree = "<group>"; };
/* End PBXFileReference section */

/* Begin PBXFrameworksBuildPhase section */
		04E2DD8424C8808F00AD0BC3 /* Frameworks */ = {
			isa = PBXFrameworksBuildPhase;
			buildActionMask = 2147483647;
			files = (
			);
			runOnlyForDeploymentPostprocessing = 0;
		};
		04E2DD9A24C8809600AD0BC3 /* Frameworks */ = {
			isa = PBXFrameworksBuildPhase;
			buildActionMask = 2147483647;
			files = (
			);
			runOnlyForDeploymentPostprocessing = 0;
		};
		04E2DDA524C8809600AD0BC3 /* Frameworks */ = {
			isa = PBXFrameworksBuildPhase;
			buildActionMask = 2147483647;
			files = (
			);
			runOnlyForDeploymentPostprocessing = 0;
		};
/* End PBXFrameworksBuildPhase section */

/* Begin PBXGroup section */
		04E2DD7E24C8808F00AD0BC3 = {
			isa = PBXGroup;
			children = (
				04E2DD8924C8808F00AD0BC3 /* StoryBoardIntro */,
				04E2DDA024C8809600AD0BC3 /* StoryBoardIntroTests */,
				04E2DDAB24C8809600AD0BC3 /* StoryBoardIntroUITests */,
				04E2DD8824C8808F00AD0BC3 /* Products */,
			);
			sourceTree = "<group>";
		};
		04E2DD8824C8808F00AD0BC3 /* Products */ = {
			isa = PBXGroup;
			children = (
				04E2DD8724C8808F00AD0BC3 /* StoryBoardIntro.app */,
				04E2DD9D24C8809600AD0BC3 /* StoryBoardIntroTests.xctest */,
				04E2DDA824C8809600AD0BC3 /* StoryBoardIntroUITests.xctest */,
			);
			name = Products;
			sourceTree = "<group>";
		};
		04E2DD8924C8808F00AD0BC3 /* StoryBoardIntro */ = {
			isa = PBXGroup;
			children = (
				04E2DD8A24C8808F00AD0BC3 /* AppDelegate.swift */,
				04E2DD8C24C8808F00AD0BC3 /* SceneDelegate.swift */,
				04E2DD8E24C8808F00AD0BC3 /* ViewController.swift */,
				04E2DD9024C8808F00AD0BC3 /* Main.storyboard */,
				04E2DD9324C8809600AD0BC3 /* Assets.xcassets */,
				04E2DD9524C8809600AD0BC3 /* LaunchScreen.storyboard */,
				04E2DD9824C8809600AD0BC3 /* Info.plist */,
			);
			path = StoryBoardIntro;
			sourceTree = "<group>";
		};
		04E2DDA024C8809600AD0BC3 /* StoryBoardIntroTests */ = {
			isa = PBXGroup;
			children = (
				04E2DDA124C8809600AD0BC3 /* StoryBoardIntroTests.swift */,
				04E2DDA324C8809600AD0BC3 /* Info.plist */,
			);
			path = StoryBoardIntroTests;
			sourceTree = "<group>";
		};
		04E2DDAB24C8809600AD0BC3 /* StoryBoardIntroUITests */ = {
			isa = PBXGroup;
			children = (
				04E2DDAC24C8809600AD0BC3 /* StoryBoardIntroUITests.swift */,
				04E2DDAE24C8809600AD0BC3 /* Info.plist */,
			);
			path = StoryBoardIntroUITests;
			sourceTree = "<group>";
		};
/* End PBXGroup section */

/* Begin PBXNativeTarget section */
		04E2DD8624C8808F00AD0BC3 /* StoryBoardIntro */ = {
			isa = PBXNativeTarget;
			buildConfigurationList = 04E2DDB124C8809600AD0BC3 /* Build configuration list for PBXNativeTarget "StoryBoardIntro" */;
			buildPhases = (
				04E2DD8324C8808F00AD0BC3 /* Sources */,
				04E2DD8424C8808F00AD0BC3 /* Frameworks */,
				04E2DD8524C8808F00AD0BC3 /* Resources */,
			);
			buildRules = (
			);
			dependencies = (
			);
			name = StoryBoardIntro;
			productName = StoryBoardIntro;
			productReference = 04E2DD8724C8808F00AD0BC3 /* StoryBoardIntro.app */;
			productType = "com.apple.product-type.application";
		};
		04E2DD9C24C8809600AD0BC3 /* StoryBoardIntroTests */ = {
			isa = PBXNativeTarget;
			buildConfigurationList = 04E2DDB424C8809600AD0BC3 /* Build configuration list for PBXNativeTarget "StoryBoardIntroTests" */;
			buildPhases = (
				04E2DD9924C8809600AD0BC3 /* Sources */,
				04E2DD9A24C8809600AD0BC3 /* Frameworks */,
				04E2DD9B24C8809600AD0BC3 /* Resources */,
			);
			buildRules = (
			);
			dependencies = (
				04E2DD9F24C8809600AD0BC3 /* PBXTargetDependency */,
			);
			name = StoryBoardIntroTests;
			productName = StoryBoardIntroTests;
			productReference = 04E2DD9D24C8809600AD0BC3 /* StoryBoardIntroTests.xctest */;
			productType = "com.apple.product-type.bundle.unit-test";
		};
		04E2DDA724C8809600AD0BC3 /* StoryBoardIntroUITests */ = {
			isa = PBXNativeTarget;
			buildConfigurationList = 04E2DDB724C8809600AD0BC3 /* Build configuration list for PBXNativeTarget "StoryBoardIntroUITests" */;
			buildPhases = (
				04E2DDA424C8809600AD0BC3 /* Sources */,
				04E2DDA524C8809600AD0BC3 /* Frameworks */,
				04E2DDA624C8809600AD0BC3 /* Resources */,
			);
			buildRules = (
			);
			dependencies = (
				04E2DDAA24C8809600AD0BC3 /* PBXTargetDependency */,
			);
			name = StoryBoardIntroUITests;
			productName = StoryBoardIntroUITests;
			productReference = 04E2DDA824C8809600AD0BC3 /* StoryBoardIntroUITests.xctest */;
			productType = "com.apple.product-type.bundle.ui-testing";
		};
/* End PBXNativeTarget section */

/* Begin PBXProject section */
		04E2DD7F24C8808F00AD0BC3 /* Project object */ = {
			isa = PBXProject;
			attributes = {
				LastSwiftUpdateCheck = 1150;
				LastUpgradeCheck = 1150;
				ORGANIZATIONNAME = KWK;
				TargetAttributes = {
					04E2DD8624C8808F00AD0BC3 = {
						CreatedOnToolsVersion = 11.5;
					};
					04E2DD9C24C8809600AD0BC3 = {
						CreatedOnToolsVersion = 11.5;
						TestTargetID = 04E2DD8624C8808F00AD0BC3;
					};
					04E2DDA724C8809600AD0BC3 = {
						CreatedOnToolsVersion = 11.5;
						TestTargetID = 04E2DD8624C8808F00AD0BC3;
					};
				};
			};
			buildConfigurationList = 04E2DD8224C8808F00AD0BC3 /* Build configuration list for PBXProject "StoryBoardIntro" */;
			compatibilityVersion = "Xcode 9.3";
			developmentRegion = en;
			hasScannedForEncodings = 0;
			knownRegions = (
				en,
				Base,
			);
			mainGroup = 04E2DD7E24C8808F00AD0BC3;
			productRefGroup = 04E2DD8824C8808F00AD0BC3 /* Products */;
			projectDirPath = "";
			projectRoot = "";
			targets = (
				04E2DD8624C8808F00AD0BC3 /* StoryBoardIntro */,
				04E2DD9C24C8809600AD0BC3 /* StoryBoardIntroTests */,
				04E2DDA724C8809600AD0BC3 /* StoryBoardIntroUITests */,
			);
		};
/* End PBXProject section */

/* Begin PBXResourcesBuildPhase section */
		04E2DD8524C8808F00AD0BC3 /* Resources */ = {
			isa = PBXResourcesBuildPhase;
			buildActionMask = 2147483647;
			files = (
				04E2DD9724C8809600AD0BC3 /* LaunchScreen.storyboard in Resources */,
				04E2DD9424C8809600AD0BC3 /* Assets.xcassets in Resources */,
				04E2DD9224C8808F00AD0BC3 /* Main.storyboard in Resources */,
			);
			runOnlyForDeploymentPostprocessing = 0;
		};
		04E2DD9B24C8809600AD0BC3 /* Resources */ = {
			isa = PBXResourcesBuildPhase;
			buildActionMask = 2147483647;
			files = (
			);
			runOnlyForDeploymentPostprocessing = 0;
		};
		04E2DDA624C8809600AD0BC3 /* Resources */ = {
			isa = PBXResourcesBuildPhase;
			buildActionMask = 2147483647;
			files = (
			);
			runOnlyForDeploymentPostprocessing = 0;
		};
/* End PBXResourcesBuildPhase section */

/* Begin PBXSourcesBuildPhase section */
		04E2DD8324C8808F00AD0BC3 /* Sources */ = {
			isa = PBXSourcesBuildPhase;
			buildActionMask = 2147483647;
			files = (
				04E2DD8F24C8808F00AD0BC3 /* ViewController.swift in Sources */,
				04E2DD8B24C8808F00AD0BC3 /* AppDelegate.swift in Sources */,
				04E2DD8D24C8808F00AD0BC3 /* SceneDelegate.swift in Sources */,
			);
			runOnlyForDeploymentPostprocessing = 0;
		};
		04E2DD9924C8809600AD0BC3 /* Sources */ = {
			isa = PBXSourcesBuildPhase;
			buildActionMask = 2147483647;
			files = (
				04E2DDA224C8809600AD0BC3 /* StoryBoardIntroTests.swift in Sources */,
			);
			runOnlyForDeploymentPostprocessing = 0;
		};
		04E2DDA424C8809600AD0BC3 /* Sources */ = {
			isa = PBXSourcesBuildPhase;
			buildActionMask = 2147483647;
			files = (
				04E2DDAD24C8809600AD0BC3 /* StoryBoardIntroUITests.swift in Sources */,
			);
			runOnlyForDeploymentPostprocessing = 0;
		};
/* End PBXSourcesBuildPhase section */

/* Begin PBXTargetDependency section */
		04E2DD9F24C8809600AD0BC3 /* PBXTargetDependency */ = {
			isa = PBXTargetDependency;
			target = 04E2DD8624C8808F00AD0BC3 /* StoryBoardIntro */;
			targetProxy = 04E2DD9E24C8809600AD0BC3 /* PBXContainerItemProxy */;
		};
		04E2DDAA24C8809600AD0BC3 /* PBXTargetDependency */ = {
			isa = PBXTargetDependency;
			target = 04E2DD8624C8808F00AD0BC3 /* StoryBoardIntro */;
			targetProxy = 04E2DDA924C8809600AD0BC3 /* PBXContainerItemProxy */;
		};
/* End PBXTargetDependency section */

/* Begin PBXVariantGroup section */
		04E2DD9024C8808F00AD0BC3 /* Main.storyboard */ = {
			isa = PBXVariantGroup;
			children = (
				04E2DD9124C8808F00AD0BC3 /* Base */,
			);
			name = Main.storyboard;
			sourceTree = "<group>";
		};
		04E2DD9524C8809600AD0BC3 /* LaunchScreen.storyboard */ = {
			isa = PBXVariantGroup;
			children = (
				04E2DD9624C8809600AD0BC3 /* Base */,
			);
			name = LaunchScreen.storyboard;
			sourceTree = "<group>";
		};
/* End PBXVariantGroup section */

/* Begin XCBuildConfiguration section */
		04E2DDAF24C8809600AD0BC3 /* Debug */ = {
			isa = XCBuildConfiguration;
			buildSettings = {
				ALWAYS_SEARCH_USER_PATHS = NO;
				CLANG_ANALYZER_NONNULL = YES;
				CLANG_ANALYZER_NUMBER_OBJECT_CONVERSION = YES_AGGRESSIVE;
				CLANG_CXX_LANGUAGE_STANDARD = "gnu++14";
				CLANG_CXX_LIBRARY = "libc++";
				CLANG_ENABLE_MODULES = YES;
				CLANG_ENABLE_OBJC_ARC = YES;
				CLANG_ENABLE_OBJC_WEAK = YES;
				CLANG_WARN_BLOCK_CAPTURE_AUTORELEASING = YES;
				CLANG_WARN_BOOL_CONVERSION = YES;
				CLANG_WARN_COMMA = YES;
				CLANG_WARN_CONSTANT_CONVERSION = YES;
				CLANG_WARN_DEPRECATED_OBJC_IMPLEMENTATIONS = YES;
				CLANG_WARN_DIRECT_OBJC_ISA_USAGE = YES_ERROR;
				CLANG_WARN_DOCUMENTATION_COMMENTS = YES;
				CLANG_WARN_EMPTY_BODY = YES;
				CLANG_WARN_ENUM_CONVERSION = YES;
				CLANG_WARN_INFINITE_RECURSION = YES;
				CLANG_WARN_INT_CONVERSION = YES;
				CLANG_WARN_NON_LITERAL_NULL_CONVERSION = YES;
				CLANG_WARN_OBJC_IMPLICIT_RETAIN_SELF = YES;
				CLANG_WARN_OBJC_LITERAL_CONVERSION = YES;
				CLANG_WARN_OBJC_ROOT_CLASS = YES_ERROR;
				CLANG_WARN_RANGE_LOOP_ANALYSIS = YES;
				CLANG_WARN_STRICT_PROTOTYPES = YES;
				CLANG_WARN_SUSPICIOUS_MOVE = YES;
				CLANG_WARN_UNGUARDED_AVAILABILITY = YES_AGGRESSIVE;
				CLANG_WARN_UNREACHABLE_CODE = YES;
				CLANG_WARN__DUPLICATE_METHOD_MATCH = YES;
				COPY_PHASE_STRIP = NO;
				DEBUG_INFORMATION_FORMAT = dwarf;
				ENABLE_STRICT_OBJC_MSGSEND = YES;
				ENABLE_TESTABILITY = YES;
				GCC_C_LANGUAGE_STANDARD = gnu11;
				GCC_DYNAMIC_NO_PIC = NO;
				GCC_NO_COMMON_BLOCKS = YES;
				GCC_OPTIMIZATION_LEVEL = 0;
				GCC_PREPROCESSOR_DEFINITIONS = (
					"DEBUG=1",
					"$(inherited)",
				);
				GCC_WARN_64_TO_32_BIT_CONVERSION = YES;
				GCC_WARN_ABOUT_RETURN_TYPE = YES_ERROR;
				GCC_WARN_UNDECLARED_SELECTOR = YES;
				GCC_WARN_UNINITIALIZED_AUTOS = YES_AGGRESSIVE;
				GCC_WARN_UNUSED_FUNCTION = YES;
				GCC_WARN_UNUSED_VARIABLE = YES;
				IPHONEOS_DEPLOYMENT_TARGET = 13.5;
				MTL_ENABLE_DEBUG_INFO = INCLUDE_SOURCE;
				MTL_FAST_MATH = YES;
				ONLY_ACTIVE_ARCH = YES;
				SDKROOT = iphoneos;
				SWIFT_ACTIVE_COMPILATION_CONDITIONS = DEBUG;
				SWIFT_OPTIMIZATION_LEVEL = "-Onone";
			};
			name = Debug;
		};
		04E2DDB024C8809600AD0BC3 /* Release */ = {
			isa = XCBuildConfiguration;
			buildSettings = {
				ALWAYS_SEARCH_USER_PATHS = NO;
				CLANG_ANALYZER_NONNULL = YES;
				CLANG_ANALYZER_NUMBER_OBJECT_CONVERSION = YES_AGGRESSIVE;
				CLANG_CXX_LANGUAGE_STANDARD = "gnu++14";
				CLANG_CXX_LIBRARY = "libc++";
				CLANG_ENABLE_MODULES = YES;
				CLANG_ENABLE_OBJC_ARC = YES;
				CLANG_ENABLE_OBJC_WEAK = YES;
				CLANG_WARN_BLOCK_CAPTURE_AUTORELEASING = YES;
				CLANG_WARN_BOOL_CONVERSION = YES;
				CLANG_WARN_COMMA = YES;
				CLANG_WARN_CONSTANT_CONVERSION = YES;
				CLANG_WARN_DEPRECATED_OBJC_IMPLEMENTATIONS = YES;
				CLANG_WARN_DIRECT_OBJC_ISA_USAGE = YES_ERROR;
				CLANG_WARN_DOCUMENTATION_COMMENTS = YES;
				CLANG_WARN_EMPTY_BODY = YES;
				CLANG_WARN_ENUM_CONVERSION = YES;
				CLANG_WARN_INFINITE_RECURSION = YES;
				CLANG_WARN_INT_CONVERSION = YES;
				CLANG_WARN_NON_LITERAL_NULL_CONVERSION = YES;
				CLANG_WARN_OBJC_IMPLICIT_RETAIN_SELF = YES;
				CLANG_WARN_OBJC_LITERAL_CONVERSION = YES;
				CLANG_WARN_OBJC_ROOT_CLASS = YES_ERROR;
				CLANG_WARN_RANGE_LOOP_ANALYSIS = YES;
				CLANG_WARN_STRICT_PROTOTYPES = YES;
				CLANG_WARN_SUSPICIOUS_MOVE = YES;
				CLANG_WARN_UNGUARDED_AVAILABILITY = YES_AGGRESSIVE;
				CLANG_WARN_UNREACHABLE_CODE = YES;
				CLANG_WARN__DUPLICATE_METHOD_MATCH = YES;
				COPY_PHASE_STRIP = NO;
				DEBUG_INFORMATION_FORMAT = "dwarf-with-dsym";
				ENABLE_NS_ASSERTIONS = NO;
				ENABLE_STRICT_OBJC_MSGSEND = YES;
				GCC_C_LANGUAGE_STANDARD = gnu11;
				GCC_NO_COMMON_BLOCKS = YES;
				GCC_WARN_64_TO_32_BIT_CONVERSION = YES;
				GCC_WARN_ABOUT_RETURN_TYPE = YES_ERROR;
				GCC_WARN_UNDECLARED_SELECTOR = YES;
				GCC_WARN_UNINITIALIZED_AUTOS = YES_AGGRESSIVE;
				GCC_WARN_UNUSED_FUNCTION = YES;
				GCC_WARN_UNUSED_VARIABLE = YES;
				IPHONEOS_DEPLOYMENT_TARGET = 13.5;
				MTL_ENABLE_DEBUG_INFO = NO;
				MTL_FAST_MATH = YES;
				SDKROOT = iphoneos;
				SWIFT_COMPILATION_MODE = wholemodule;
				SWIFT_OPTIMIZATION_LEVEL = "-O";
				VALIDATE_PRODUCT = YES;
			};
			name = Release;
		};
		04E2DDB224C8809600AD0BC3 /* Debug */ = {
			isa = XCBuildConfiguration;
			buildSettings = {
				ASSETCATALOG_COMPILER_APPICON_NAME = AppIcon;
				CODE_SIGN_STYLE = Automatic;
				INFOPLIST_FILE = StoryBoardIntro/Info.plist;
				LD_RUNPATH_SEARCH_PATHS = (
					"$(inherited)",
					"@executable_path/Frameworks",
				);
				PRODUCT_BUNDLE_IDENTIFIER = "Mishaal-Pirzada.StoryBoardIntro";
				PRODUCT_NAME = "$(TARGET_NAME)";
				SWIFT_VERSION = 5.0;
				TARGETED_DEVICE_FAMILY = "1,2";
			};
			name = Debug;
		};
		04E2DDB324C8809600AD0BC3 /* Release */ = {
			isa = XCBuildConfiguration;
			buildSettings = {
				ASSETCATALOG_COMPILER_APPICON_NAME = AppIcon;
				CODE_SIGN_STYLE = Automatic;
				INFOPLIST_FILE = StoryBoardIntro/Info.plist;
				LD_RUNPATH_SEARCH_PATHS = (
					"$(inherited)",
					"@executable_path/Frameworks",
				);
				PRODUCT_BUNDLE_IDENTIFIER = "Mishaal-Pirzada.StoryBoardIntro";
				PRODUCT_NAME = "$(TARGET_NAME)";
				SWIFT_VERSION = 5.0;
				TARGETED_DEVICE_FAMILY = "1,2";
			};
			name = Release;
		};
		04E2DDB524C8809600AD0BC3 /* Debug */ = {
			isa = XCBuildConfiguration;
			buildSettings = {
				ALWAYS_EMBED_SWIFT_STANDARD_LIBRARIES = YES;
				BUNDLE_LOADER = "$(TEST_HOST)";
				CODE_SIGN_STYLE = Automatic;
				INFOPLIST_FILE = StoryBoardIntroTests/Info.plist;
				IPHONEOS_DEPLOYMENT_TARGET = 13.5;
				LD_RUNPATH_SEARCH_PATHS = (
					"$(inherited)",
					"@executable_path/Frameworks",
					"@loader_path/Frameworks",
				);
				PRODUCT_BUNDLE_IDENTIFIER = "Mishaal-Pirzada.StoryBoardIntroTests";
				PRODUCT_NAME = "$(TARGET_NAME)";
				SWIFT_VERSION = 5.0;
				TARGETED_DEVICE_FAMILY = "1,2";
				TEST_HOST = "$(BUILT_PRODUCTS_DIR)/StoryBoardIntro.app/StoryBoardIntro";
			};
			name = Debug;
		};
		04E2DDB624C8809600AD0BC3 /* Release */ = {
			isa = XCBuildConfiguration;
			buildSettings = {
				ALWAYS_EMBED_SWIFT_STANDARD_LIBRARIES = YES;
				BUNDLE_LOADER = "$(TEST_HOST)";
				CODE_SIGN_STYLE = Automatic;
				INFOPLIST_FILE = StoryBoardIntroTests/Info.plist;
				IPHONEOS_DEPLOYMENT_TARGET = 13.5;
				LD_RUNPATH_SEARCH_PATHS = (
					"$(inherited)",
					"@executable_path/Frameworks",
					"@loader_path/Frameworks",
				);
				PRODUCT_BUNDLE_IDENTIFIER = "Mishaal-Pirzada.StoryBoardIntroTests";
				PRODUCT_NAME = "$(TARGET_NAME)";
				SWIFT_VERSION = 5.0;
				TARGETED_DEVICE_FAMILY = "1,2";
				TEST_HOST = "$(BUILT_PRODUCTS_DIR)/StoryBoardIntro.app/StoryBoardIntro";
			};
			name = Release;
		};
		04E2DDB824C8809600AD0BC3 /* Debug */ = {
			isa = XCBuildConfiguration;
			buildSettings = {
				ALWAYS_EMBED_SWIFT_STANDARD_LIBRARIES = YES;
				CODE_SIGN_STYLE = Automatic;
				INFOPLIST_FILE = StoryBoardIntroUITests/Info.plist;
				LD_RUNPATH_SEARCH_PATHS = (
					"$(inherited)",
					"@executable_path/Frameworks",
					"@loader_path/Frameworks",
				);
				PRODUCT_BUNDLE_IDENTIFIER = "Mishaal-Pirzada.StoryBoardIntroUITests";
				PRODUCT_NAME = "$(TARGET_NAME)";
				SWIFT_VERSION = 5.0;
				TARGETED_DEVICE_FAMILY = "1,2";
				TEST_TARGET_NAME = StoryBoardIntro;
			};
			name = Debug;
		};
		04E2DDB924C8809600AD0BC3 /* Release */ = {
			isa = XCBuildConfiguration;
			buildSettings = {
				ALWAYS_EMBED_SWIFT_STANDARD_LIBRARIES = YES;
				CODE_SIGN_STYLE = Automatic;
				INFOPLIST_FILE = StoryBoardIntroUITests/Info.plist;
				LD_RUNPATH_SEARCH_PATHS = (
					"$(inherited)",
					"@executable_path/Frameworks",
					"@loader_path/Frameworks",
				);
				PRODUCT_BUNDLE_IDENTIFIER = "Mishaal-Pirzada.StoryBoardIntroUITests";
				PRODUCT_NAME = "$(TARGET_NAME)";
				SWIFT_VERSION = 5.0;
				TARGETED_DEVICE_FAMILY = "1,2";
				TEST_TARGET_NAME = StoryBoardIntro;
			};
			name = Release;
		};
/* End XCBuildConfiguration section */

/* Begin XCConfigurationList section */
		04E2DD8224C8808F00AD0BC3 /* Build configuration list for PBXProject "StoryBoardIntro" */ = {
			isa = XCConfigurationList;
			buildConfigurations = (
				04E2DDAF24C8809600AD0BC3 /* Debug */,
				04E2DDB024C8809600AD0BC3 /* Release */,
			);
			defaultConfigurationIsVisible = 0;
			defaultConfigurationName = Release;
		};
		04E2DDB124C8809600AD0BC3 /* Build configuration list for PBXNativeTarget "StoryBoardIntro" */ = {
			isa = XCConfigurationList;
			buildConfigurations = (
				04E2DDB224C8809600AD0BC3 /* Debug */,
				04E2DDB324C8809600AD0BC3 /* Release */,
			);
			defaultConfigurationIsVisible = 0;
			defaultConfigurationName = Release;
		};
		04E2DDB424C8809600AD0BC3 /* Build configuration list for PBXNativeTarget "StoryBoardIntroTests" */ = {
			isa = XCConfigurationList;
			buildConfigurations = (
				04E2DDB524C8809600AD0BC3 /* Debug */,
				04E2DDB624C8809600AD0BC3 /* Release */,
			);
			defaultConfigurationIsVisible = 0;
			defaultConfigurationName = Release;
		};
		04E2DDB724C8809600AD0BC3 /* Build configuration list for PBXNativeTarget "StoryBoardIntroUITests" */ = {
			isa = XCConfigurationList;
			buildConfigurations = (
				04E2DDB824C8809600AD0BC3 /* Debug */,
				04E2DDB924C8809600AD0BC3 /* Release */,
			);
			defaultConfigurationIsVisible = 0;
			defaultConfigurationName = Release;
		};
/* End XCConfigurationList section */
	};
	rootObject = 04E2DD7F24C8808F00AD0BC3 /* Project object */;
}
